
Microsoft Visual Studio Solution File, Format Version 12.00
# Visual Studio Version 16
VisualStudioVersion = 16.0.31911.196
MinimumVisualStudioVersion = 10.0.40219.1
Project("{FAE04EC0-301F-11D3-BF4B-00C04F79EFBC}") = "datagame", "datagame\datagame.csproj", "{A9F932D7-9C3E-4E14-B979-10BBB1D6066D}"
EndProject
Global
	GlobalSection(SolutionConfigurationPlatforms) = preSolution
		Debug|Any CPU = Debug|Any CPU
		Release|Any CPU = Release|Any CPU
	EndGlobalSection
	GlobalSection(ProjectConfigurationPlatforms) = postSolution
		{A9F932D7-9C3E-4E14-B979-10BBB1D6066D}.Debug|Any CPU.ActiveCfg = Debug|Any CPU
		{A9F932D7-9C3E-4E14-B979-10BBB1D6066D}.Debug|Any CPU.Build.0 = Debug|Any CPU
		{A9F932D7-9C3E-4E14-B979-10BBB1D6066D}.Release|Any CPU.ActiveCfg = Release|Any CPU
		{A9F932D7-9C3E-4E14-B979-10BBB1D6066D}.Release|Any CPU.Build.0 = Release|Any CPU
	EndGlobalSection
	GlobalSection(SolutionProperties) = preSolution
		HideSolutionNode = FALSE
	EndGlobalSection
	GlobalSection(ExtensibilityGlobals) = postSolution
		SolutionGuid = {3D8401E1-9C90-418B-8215-E0E9CC2D58D7}
	EndGlobalSection
EndGlobal
